// !$*UTF8*$!
{
	archiveVersion = 1;
	classes = {
	};
	objectVersion = 56;
	objects = {

/* Begin PBXBuildFile section */
		BEE394AA29001C380018FF6F /* main.cpp in Sources */ = {isa = PBXBuildFile; fileRef = BEE394A929001C380018FF6F /* main.cpp */; };
/* End PBXBuildFile section */

/* Begin PBXFileReference section */
		BEE394A629001C380018FF6F /* 6122_SFML_Version3 */ = {isa = PBXFileReference; explicitFileType = "compiled.mach-o.executable"; includeInIndex = 0; path = 6122_SFML_Version3; sourceTree = BUILT_PRODUCTS_DIR; };
		BEE394A929001C380018FF6F /* main.cpp */ = {isa = PBXFileReference; lastKnownFileType = sourcecode.cpp.cpp; path = main.cpp; sourceTree = "<group>"; };
		BEE394B529001C8E0018FF6F /* mapGenerate.cpp */ = {isa = PBXFileReference; fileEncoding = 4; lastKnownFileType = sourcecode.cpp.cpp; path = mapGenerate.cpp; sourceTree = "<group>"; };
		BEE394B629001C8E0018FF6F /* graphics */ = {isa = PBXFileReference; lastKnownFileType = folder; path = graphics; sourceTree = "<group>"; };
		BEE394BA29022A880018FF6F /* positionTranslate.cpp */ = {isa = PBXFileReference; lastKnownFileType = sourcecode.cpp.cpp; path = positionTranslate.cpp; sourceTree = "<group>"; };
		BEE394BC290264D30018FF6F /* globalVariable.h */ = {isa = PBXFileReference; lastKnownFileType = sourcecode.c.h; path = globalVariable.h; sourceTree = "<group>"; };
		BEE394D2290829030018FF6F /* mapGenerate.h */ = {isa = PBXFileReference; lastKnownFileType = sourcecode.c.h; path = mapGenerate.h; sourceTree = "<group>"; };
		BEE394D32908F6B30018FF6F /* interactCheck.h */ = {isa = PBXFileReference; lastKnownFileType = sourcecode.c.h; path = interactCheck.h; sourceTree = "<group>"; };
		BEE394D42908F8620018FF6F /* positionTranslate.h */ = {isa = PBXFileReference; lastKnownFileType = sourcecode.c.h; path = positionTranslate.h; sourceTree = "<group>"; };
		BEE394D5290910610018FF6F /* coinsManage.h */ = {isa = PBXFileReference; lastKnownFileType = sourcecode.c.h; path = coinsManage.h; sourceTree = "<group>"; };
		BEE394D6290917150018FF6F /* ghostBlueManage.h */ = {isa = PBXFileReference; lastKnownFileType = sourcecode.c.h; path = ghostBlueManage.h; sourceTree = "<group>"; };
		BEE394D72909172E0018FF6F /* ghostOrangeManage.h */ = {isa = PBXFileReference; lastKnownFileType = sourcecode.c.h; path = ghostOrangeManage.h; sourceTree = "<group>"; };
		BEE394D8290917430018FF6F /* ghostPinkManage.h */ = {isa = PBXFileReference; lastKnownFileType = sourcecode.c.h; path = ghostPinkManage.h; sourceTree = "<group>"; };
		BEE394D9290917570018FF6F /* ghostRedManage.h */ = {isa = PBXFileReference; lastKnownFileType = sourcecode.c.h; path = ghostRedManage.h; sourceTree = "<group>"; };
/* End PBXFileReference section */

/* Begin PBXFrameworksBuildPhase section */
		BEE394A429001C380018FF6F /* Frameworks */ = {
			isa = PBXFrameworksBuildPhase;
			buildActionMask = 2147483647;
			files = (
			);
			runOnlyForDeploymentPostprocessing = 0;
		};
/* End PBXFrameworksBuildPhase section */

/* Begin PBXGroup section */
		BEE3949E29001C380018FF6F = {
			isa = PBXGroup;
			children = (
				BEE394A829001C380018FF6F /* 6122_SFML_Version3 */,
				BEE394A729001C380018FF6F /* Products */,
			);
			sourceTree = "<group>";
		};
		BEE394A729001C380018FF6F /* Products */ = {
			isa = PBXGroup;
			children = (
				BEE394A629001C380018FF6F /* 6122_SFML_Version3 */,
			);
			name = Products;
			sourceTree = "<group>";
		};
		BEE394A829001C380018FF6F /* 6122_SFML_Version3 */ = {
			isa = PBXGroup;
			children = (
				BEE394A929001C380018FF6F /* main.cpp */,
				BEE394BC290264D30018FF6F /* globalVariable.h */,
				BEE394B529001C8E0018FF6F /* mapGenerate.cpp */,
				BEE394D2290829030018FF6F /* mapGenerate.h */,
				BEE394BA29022A880018FF6F /* positionTranslate.cpp */,
				BEE394D42908F8620018FF6F /* positionTranslate.h */,
				BEE394D5290910610018FF6F /* coinsManage.h */,
				BEE394D32908F6B30018FF6F /* interactCheck.h */,
				BEE394D6290917150018FF6F /* ghostBlueManage.h */,
				BEE394D72909172E0018FF6F /* ghostOrangeManage.h */,
				BEE394D8290917430018FF6F /* ghostPinkManage.h */,
				BEE394D9290917570018FF6F /* ghostRedManage.h */,
				BEE394B629001C8E0018FF6F /* graphics */,
			);
			path = 6122_SFML_Version3;
			sourceTree = "<group>";
		};
/* End PBXGroup section */

/* Begin PBXNativeTarget section */
		BEE394A529001C380018FF6F /* 6122_SFML_Version3 */ = {
			isa = PBXNativeTarget;
			buildConfigurationList = BEE394B229001C380018FF6F /* Build configuration list for PBXNativeTarget "6122_SFML_Version3" */;
			buildPhases = (
				BEE394A329001C380018FF6F /* Sources */,
				BEE394A429001C380018FF6F /* Frameworks */,
			);
			buildRules = (
			);
			dependencies = (
			);
			name = 6122_SFML_Version3;
			productName = 6122_SFML_Version3;
			productReference = BEE394A629001C380018FF6F /* 6122_SFML_Version3 */;
			productType = "com.apple.product-type.tool";
		};
/* End PBXNativeTarget section */

/* Begin PBXProject section */
		BEE3949F29001C380018FF6F /* Project object */ = {
			isa = PBXProject;
			attributes = {
				BuildIndependentTargetsInParallel = 1;
				LastUpgradeCheck = 1400;
				ORGANIZATIONNAME = "Jiahao Sun";
				TargetAttributes = {
					BEE394A529001C380018FF6F = {
						CreatedOnToolsVersion = 14.0.1;
					};
				};
			};
			buildConfigurationList = BEE394A229001C380018FF6F /* Build configuration list for PBXProject "6122_SFML_Version3" */;
			compatibilityVersion = "Xcode 14.0";
			developmentRegion = en;
			hasScannedForEncodings = 0;
			knownRegions = (
				en,
				Base,
			);
			mainGroup = BEE3949E29001C380018FF6F;
			productRefGroup = BEE394A729001C380018FF6F /* Products */;
			projectDirPath = "";
			projectRoot = "";
			targets = (
				BEE394A529001C380018FF6F /* 6122_SFML_Version3 */,
			);
		};
/* End PBXProject section */

/* Begin PBXSourcesBuildPhase section */
		BEE394A329001C380018FF6F /* Sources */ = {
			isa = PBXSourcesBuildPhase;
			buildActionMask = 2147483647;
			files = (
				BEE394AA29001C380018FF6F /* main.cpp in Sources */,
			);
			runOnlyForDeploymentPostprocessing = 0;
		};
/* End PBXSourcesBuildPhase section */

/* Begin XCBuildConfiguration section */
		BEE394B029001C380018FF6F /* Debug */ = {
			isa = XCBuildConfiguration;
			buildSettings = {
				ARCHS = "$(NATIVE_ARCH_ACTUAL)";
				CLANG_CXX_LANGUAGE_STANDARD = "c++11";
				CLANG_CXX_LIBRARY = "libc++";
				FRAMEWORK_SEARCH_PATHS = (
					/Library/Frameworks/,
					"$(inherited)",
				);
				GCC_VERSION = com.apple.compilers.llvm.clang.1_0;
				HEADER_SEARCH_PATHS = (
					/usr/local/include/,
					"$(inherited)",
				);
				LIBRARY_SEARCH_PATHS = (
					/usr/local/lib/,
					"$(inherited)",
				);
				MACOSX_DEPLOYMENT_TARGET = 10.7;
				OTHER_LDFLAGS = (
					"$(inherited)",
					"$(SFML_SYSTEM)",
					"$(SFML_WINDOW)",
					"$(SFML_GRAPHICS)",
					"$(SFML_AUDIO)",
					"$(SFML_NETWORK)",
				);
				SFML_AUDIO = "$(SFML_LINK_PREFIX) sfml-audio$(SFML_LINK_SUFFIX)";
				SFML_BINARY_TYPE = FRAMEWORKS;
				SFML_GRAPHICS = "$(SFML_LINK_PREFIX) sfml-graphics$(SFML_LINK_SUFFIX)";
				SFML_LINK_DYLIBS_PREFIX = "-l";
				SFML_LINK_DYLIBS_SUFFIX = "";
				SFML_LINK_FRAMEWORKS_PREFIX = "-framework";
				SFML_LINK_FRAMEWORKS_SUFFIX = "";
				SFML_LINK_PREFIX = "$(SFML_LINK_$(SFML_BINARY_TYPE)_PREFIX)";
				SFML_LINK_SUFFIX = "$(SFML_LINK_$(SFML_BINARY_TYPE)_SUFFIX)";
				SFML_NETWORK = "$(SFML_LINK_PREFIX) sfml-network$(SFML_LINK_SUFFIX)";
				SFML_SYSTEM = "$(SFML_LINK_PREFIX) sfml-system$(SFML_LINK_SUFFIX)";
				SFML_WINDOW = "$(SFML_LINK_PREFIX) sfml-window$(SFML_LINK_SUFFIX)";
				SUPPORTED_PLATFORMS = macosx;
			};
			name = Debug;
		};
		BEE394B129001C380018FF6F /* Release */ = {
			isa = XCBuildConfiguration;
			buildSettings = {
				ARCHS = "$(NATIVE_ARCH_ACTUAL)";
				CLANG_CXX_LANGUAGE_STANDARD = "c++11";
				CLANG_CXX_LIBRARY = "libc++";
				FRAMEWORK_SEARCH_PATHS = (
					/Library/Frameworks/,
					"$(inherited)",
				);
				GCC_VERSION = com.apple.compilers.llvm.clang.1_0;
				HEADER_SEARCH_PATHS = (
					/usr/local/include/,
					"$(inherited)",
				);
				LIBRARY_SEARCH_PATHS = (
					/usr/local/lib/,
					"$(inherited)",
				);
				MACOSX_DEPLOYMENT_TARGET = 10.7;
				OTHER_LDFLAGS = (
					"$(inherited)",
					"$(SFML_SYSTEM)",
					"$(SFML_WINDOW)",
					"$(SFML_GRAPHICS)",
					"$(SFML_AUDIO)",
					"$(SFML_NETWORK)",
				);
				SFML_AUDIO = "$(SFML_LINK_PREFIX) sfml-audio$(SFML_LINK_SUFFIX)";
				SFML_BINARY_TYPE = FRAMEWORKS;
				SFML_GRAPHICS = "$(SFML_LINK_PREFIX) sfml-graphics$(SFML_LINK_SUFFIX)";
				SFML_LINK_DYLIBS_PREFIX = "-l";
				SFML_LINK_DYLIBS_SUFFIX = "";
				SFML_LINK_FRAMEWORKS_PREFIX = "-framework";
				SFML_LINK_FRAMEWORKS_SUFFIX = "";
				SFML_LINK_PREFIX = "$(SFML_LINK_$(SFML_BINARY_TYPE)_PREFIX)";
				SFML_LINK_SUFFIX = "$(SFML_LINK_$(SFML_BINARY_TYPE)_SUFFIX)";
				SFML_NETWORK = "$(SFML_LINK_PREFIX) sfml-network$(SFML_LINK_SUFFIX)";
				SFML_SYSTEM = "$(SFML_LINK_PREFIX) sfml-system$(SFML_LINK_SUFFIX)";
				SFML_WINDOW = "$(SFML_LINK_PREFIX) sfml-window$(SFML_LINK_SUFFIX)";
				SUPPORTED_PLATFORMS = macosx;
			};
			name = Release;
		};
		BEE394B329001C380018FF6F /* Debug */ = {
			isa = XCBuildConfiguration;
			buildSettings = {
				CODE_SIGN_STYLE = Automatic;
				COPY_HEADERS_RUN_UNIFDEF = YES;
				PRODUCT_NAME = "$(TARGET_NAME)";
			};
			name = Debug;
		};
		BEE394B429001C380018FF6F /* Release */ = {
			isa = XCBuildConfiguration;
			buildSettings = {
				CODE_SIGN_STYLE = Automatic;
				COPY_HEADERS_RUN_UNIFDEF = YES;
				PRODUCT_NAME = "$(TARGET_NAME)";
			};
			name = Release;
		};
/* End XCBuildConfiguration section */

/* Begin XCConfigurationList section */
		BEE394A229001C380018FF6F /* Build configuration list for PBXProject "6122_SFML_Version3" */ = {
			isa = XCConfigurationList;
			buildConfigurations = (
				BEE394B029001C380018FF6F /* Debug */,
				BEE394B129001C380018FF6F /* Release */,
			);
			defaultConfigurationIsVisible = 0;
			defaultConfigurationName = Release;
		};
		BEE394B229001C380018FF6F /* Build configuration list for PBXNativeTarget "6122_SFML_Version3" */ = {
			isa = XCConfigurationList;
			buildConfigurations = (
				BEE394B329001C380018FF6F /* Debug */,
				BEE394B429001C380018FF6F /* Release */,
			);
			defaultConfigurationIsVisible = 0;
			defaultConfigurationName = Release;
		};
/* End XCConfigurationList section */
	};
	rootObject = BEE3949F29001C380018FF6F /* Project object */;
}
